
Microsoft Visual Studio Solution File, Format Version 12.00
# Visual Studio Version 17
VisualStudioVersion = 17.7.34024.191
MinimumVisualStudioVersion = 10.0.40219.1
Project("{FAE04EC0-301F-11D3-BF4B-00C04F79EFBC}") = "Modulo Prototipo PLC", "Modulo Prototipo PLC\Modulo Prototipo PLC.csproj", "{8CC5FA90-387B-4E7D-AA0E-FD6E69401584}"
EndProject
Global
	GlobalSection(SolutionConfigurationPlatforms) = preSolution
		Debug|Any CPU = Debug|Any CPU
		Release|Any CPU = Release|Any CPU
	EndGlobalSection
	GlobalSection(ProjectConfigurationPlatforms) = postSolution
		{8CC5FA90-387B-4E7D-AA0E-FD6E69401584}.Debug|Any CPU.ActiveCfg = Debug|Any CPU
		{8CC5FA90-387B-4E7D-AA0E-FD6E69401584}.Debug|Any CPU.Build.0 = Debug|Any CPU
		{8CC5FA90-387B-4E7D-AA0E-FD6E69401584}.Release|Any CPU.ActiveCfg = Release|Any CPU
		{8CC5FA90-387B-4E7D-AA0E-FD6E69401584}.Release|Any CPU.Build.0 = Release|Any CPU
	EndGlobalSection
	GlobalSection(SolutionProperties) = preSolution
		HideSolutionNode = FALSE
	EndGlobalSection
	GlobalSection(ExtensibilityGlobals) = postSolution
		SolutionGuid = {973645AB-0A8B-4565-A559-2CF5FE2C96F3}
	EndGlobalSection
EndGlobal
